
Microsoft Visual Studio Solution File, Format Version 12.00
# Visual Studio Version 16
VisualStudioVersion = 16.0.29709.97
MinimumVisualStudioVersion = 10.0.40219.1
Project("{FAE04EC0-301F-11D3-BF4B-00C04F79EFBC}") = "Smart Currency Converter.Android", "Smart Currency Converter.Android\Smart Currency Converter.Android.csproj", "{9104B2FF-0ED6-4593-B45D-7063E9D3D3B1}"
EndProject
Project("{FAE04EC0-301F-11D3-BF4B-00C04F79EFBC}") = "Smart Currency Converter.iOS", "Smart Currency Converter.iOS\Smart Currency Converter.iOS.csproj", "{E3905FA6-03E9-4D74-81F4-529E742F49CA}"
EndProject
Project("{FAE04EC0-301F-11D3-BF4B-00C04F79EFBC}") = "Smart Currency Converter", "Smart Currency Converter\Smart Currency Converter.csproj", "{51B0CB30-A087-48D8-A2C5-74F18C10FB3C}"
EndProject
Global
	GlobalSection(SolutionConfigurationPlatforms) = preSolution
		Debug|Any CPU = Debug|Any CPU
		Debug|iPhone = Debug|iPhone
		Debug|iPhoneSimulator = Debug|iPhoneSimulator
		Release|Any CPU = Release|Any CPU
		Release|iPhone = Release|iPhone
		Release|iPhoneSimulator = Release|iPhoneSimulator
	EndGlobalSection
	GlobalSection(ProjectConfigurationPlatforms) = postSolution
		{9104B2FF-0ED6-4593-B45D-7063E9D3D3B1}.Debug|Any CPU.ActiveCfg = Debug|Any CPU
		{9104B2FF-0ED6-4593-B45D-7063E9D3D3B1}.Debug|Any CPU.Build.0 = Debug|Any CPU
		{9104B2FF-0ED6-4593-B45D-7063E9D3D3B1}.Debug|Any CPU.Deploy.0 = Debug|Any CPU
		{9104B2FF-0ED6-4593-B45D-7063E9D3D3B1}.Debug|iPhone.ActiveCfg = Debug|Any CPU
		{9104B2FF-0ED6-4593-B45D-7063E9D3D3B1}.Debug|iPhone.Build.0 = Debug|Any CPU
		{9104B2FF-0ED6-4593-B45D-7063E9D3D3B1}.Debug|iPhone.Deploy.0 = Debug|Any CPU
		{9104B2FF-0ED6-4593-B45D-7063E9D3D3B1}.Debug|iPhoneSimulator.ActiveCfg = Debug|Any CPU
		{9104B2FF-0ED6-4593-B45D-7063E9D3D3B1}.Debug|iPhoneSimulator.Build.0 = Debug|Any CPU
		{9104B2FF-0ED6-4593-B45D-7063E9D3D3B1}.Debug|iPhoneSimulator.Deploy.0 = Debug|Any CPU
		{9104B2FF-0ED6-4593-B45D-7063E9D3D3B1}.Release|Any CPU.ActiveCfg = Release|Any CPU
		{9104B2FF-0ED6-4593-B45D-7063E9D3D3B1}.Release|Any CPU.Build.0 = Release|Any CPU
		{9104B2FF-0ED6-4593-B45D-7063E9D3D3B1}.Release|Any CPU.Deploy.0 = Release|Any CPU
		{9104B2FF-0ED6-4593-B45D-7063E9D3D3B1}.Release|iPhone.ActiveCfg = Release|Any CPU
		{9104B2FF-0ED6-4593-B45D-7063E9D3D3B1}.Release|iPhone.Build.0 = Release|Any CPU
		{9104B2FF-0ED6-4593-B45D-7063E9D3D3B1}.Release|iPhone.Deploy.0 = Release|Any CPU
		{9104B2FF-0ED6-4593-B45D-7063E9D3D3B1}.Release|iPhoneSimulator.ActiveCfg = Release|Any CPU
		{9104B2FF-0ED6-4593-B45D-7063E9D3D3B1}.Release|iPhoneSimulator.Build.0 = Release|Any CPU
		{9104B2FF-0ED6-4593-B45D-7063E9D3D3B1}.Release|iPhoneSimulator.Deploy.0 = Release|Any CPU
		{E3905FA6-03E9-4D74-81F4-529E742F49CA}.Debug|Any CPU.ActiveCfg = Debug|iPhoneSimulator
		{E3905FA6-03E9-4D74-81F4-529E742F49CA}.Debug|Any CPU.Build.0 = Debug|iPhoneSimulator
		{E3905FA6-03E9-4D74-81F4-529E742F49CA}.Debug|Any CPU.Deploy.0 = Debug|iPhoneSimulator
		{E3905FA6-03E9-4D74-81F4-529E742F49CA}.Debug|iPhone.ActiveCfg = Debug|iPhone
		{E3905FA6-03E9-4D74-81F4-529E742F49CA}.Debug|iPhone.Build.0 = Debug|iPhone
		{E3905FA6-03E9-4D74-81F4-529E742F49CA}.Debug|iPhone.Deploy.0 = Debug|iPhone
		{E3905FA6-03E9-4D74-81F4-529E742F49CA}.Debug|iPhoneSimulator.ActiveCfg = Debug|iPhoneSimulator
		{E3905FA6-03E9-4D74-81F4-529E742F49CA}.Debug|iPhoneSimulator.Build.0 = Debug|iPhoneSimulator
		{E3905FA6-03E9-4D74-81F4-529E742F49CA}.Debug|iPhoneSimulator.Deploy.0 = Debug|iPhoneSimulator
		{E3905FA6-03E9-4D74-81F4-529E742F49CA}.Release|Any CPU.ActiveCfg = Release|iPhone
		{E3905FA6-03E9-4D74-81F4-529E742F49CA}.Release|Any CPU.Build.0 = Release|iPhone
		{E3905FA6-03E9-4D74-81F4-529E742F49CA}.Release|Any CPU.Deploy.0 = Release|iPhone
		{E3905FA6-03E9-4D74-81F4-529E742F49CA}.Release|iPhone.ActiveCfg = Release|iPhone
		{E3905FA6-03E9-4D74-81F4-529E742F49CA}.Release|iPhone.Build.0 = Release|iPhone
		{E3905FA6-03E9-4D74-81F4-529E742F49CA}.Release|iPhone.Deploy.0 = Release|iPhone
		{E3905FA6-03E9-4D74-81F4-529E742F49CA}.Release|iPhoneSimulator.ActiveCfg = Release|iPhoneSimulator
		{E3905FA6-03E9-4D74-81F4-529E742F49CA}.Release|iPhoneSimulator.Build.0 = Release|iPhoneSimulator
		{E3905FA6-03E9-4D74-81F4-529E742F49CA}.Release|iPhoneSimulator.Deploy.0 = Release|iPhoneSimulator
		{51B0CB30-A087-48D8-A2C5-74F18C10FB3C}.Debug|Any CPU.ActiveCfg = Debug|Any CPU
		{51B0CB30-A087-48D8-A2C5-74F18C10FB3C}.Debug|Any CPU.Build.0 = Debug|Any CPU
		{51B0CB30-A087-48D8-A2C5-74F18C10FB3C}.Debug|Any CPU.Deploy.0 = Debug|Any CPU
		{51B0CB30-A087-48D8-A2C5-74F18C10FB3C}.Debug|iPhone.ActiveCfg = Debug|Any CPU
		{51B0CB30-A087-48D8-A2C5-74F18C10FB3C}.Debug|iPhone.Build.0 = Debug|Any CPU
		{51B0CB30-A087-48D8-A2C5-74F18C10FB3C}.Debug|iPhone.Deploy.0 = Debug|Any CPU
		{51B0CB30-A087-48D8-A2C5-74F18C10FB3C}.Debug|iPhoneSimulator.ActiveCfg = Debug|Any CPU
		{51B0CB30-A087-48D8-A2C5-74F18C10FB3C}.Debug|iPhoneSimulator.Build.0 = Debug|Any CPU
		{51B0CB30-A087-48D8-A2C5-74F18C10FB3C}.Debug|iPhoneSimulator.Deploy.0 = Debug|Any CPU
		{51B0CB30-A087-48D8-A2C5-74F18C10FB3C}.Release|Any CPU.ActiveCfg = Release|Any CPU
		{51B0CB30-A087-48D8-A2C5-74F18C10FB3C}.Release|Any CPU.Build.0 = Release|Any CPU
		{51B0CB30-A087-48D8-A2C5-74F18C10FB3C}.Release|Any CPU.Deploy.0 = Release|Any CPU
		{51B0CB30-A087-48D8-A2C5-74F18C10FB3C}.Release|iPhone.ActiveCfg = Release|Any CPU
		{51B0CB30-A087-48D8-A2C5-74F18C10FB3C}.Release|iPhone.Build.0 = Release|Any CPU
		{51B0CB30-A087-48D8-A2C5-74F18C10FB3C}.Release|iPhone.Deploy.0 = Release|Any CPU
		{51B0CB30-A087-48D8-A2C5-74F18C10FB3C}.Release|iPhoneSimulator.ActiveCfg = Release|Any CPU
		{51B0CB30-A087-48D8-A2C5-74F18C10FB3C}.Release|iPhoneSimulator.Build.0 = Release|Any CPU
		{51B0CB30-A087-48D8-A2C5-74F18C10FB3C}.Release|iPhoneSimulator.Deploy.0 = Release|Any CPU
	EndGlobalSection
	GlobalSection(SolutionProperties) = preSolution
		HideSolutionNode = FALSE
	EndGlobalSection
	GlobalSection(ExtensibilityGlobals) = postSolution
		SolutionGuid = {1EA57D99-3A2C-4D86-B0FB-8C320F5D319E}
	EndGlobalSection
EndGlobal
